<?xml version="1.0" encoding="utf-8"?>
<Project ToolsVersion="4.0" xmlns="http://schemas.microsoft.com/developer/msbuild/2003">
  <ItemGroup>
    <Filter Include="srm 589 div2">
      <UniqueIdentifier>{4FC737F1-C7A5-4376-A066-2A32D752A2FF}</UniqueIdentifier>
      <Extensions>cpp;c;cc;cxx;def;odl;idl;hpj;bat;asm;asmx</Extensions>
    </Filter>
  </ItemGroup>
  <ItemGroup>
    <ClCompile Include="contest\af prj\imp bonus assignment retry.cpp">
      <Filter>srm 589 div2</Filter>
    </ClCompile>
    <ClCompile Include="contest\af prj\imp bonus assignment.cpp">
      <Filter>srm 589 div2</Filter>
    </ClCompile>
    <ClCompile Include="contest\cf hny\A.cpp">
      <Filter>srm 589 div2</Filter>
    </ClCompile>
    <ClCompile Include="contest\cf hny\B.cpp">
      <Filter>srm 589 div2</Filter>
    </ClCompile>
    <ClCompile Include="contest\cf hny\C.cpp">
      <Filter>srm 589 div2</Filter>
    </ClCompile>
    <ClCompile Include="contest\cf hny\D.cpp">
      <Filter>srm 589 div2</Filter>
    </ClCompile>
    <ClCompile Include="contest\ct 222\A.cpp">
      <Filter>srm 589 div2</Filter>
    </ClCompile>
    <ClCompile Include="contest\ct 222\B.cpp">
      <Filter>srm 589 div2</Filter>
    </ClCompile>
    <ClCompile Include="contest\ct 222\D.cpp">
      <Filter>srm 589 div2</Filter>
    </ClCompile>
    <ClCompile Include="WinterAndCandies.cpp">
      <Filter>srm 589 div2</Filter>
    </ClCompile>
    <ClCompile Include="WinterAndMandarins.cpp">
      <Filter>srm 589 div2</Filter>
    </ClCompile>
    <ClCompile Include="TypoCoderDiv2.cpp">
      <Filter>srm 589 div2</Filter>
    </ClCompile>
    <ClCompile Include="IncrementAndDoubling.cpp">
      <Filter>srm 589 div2</Filter>
    </ClCompile>
    <ClCompile Include="FoxAndFencingEasy.cpp">
      <Filter>srm 589 div2</Filter>
    </ClCompile>
    <ClCompile Include="ErasingCharacters.cpp">
      <Filter>srm 589 div2</Filter>
    </ClCompile>
    <ClCompile Include="BinPackingEasy.cpp">
      <Filter>srm 589 div2</Filter>
    </ClCompile>
    <ClCompile Include="BinPacking.cpp">
      <Filter>srm 589 div2</Filter>
    </ClCompile>
    <ClCompile Include="WinterAndReindeers.cpp">
      <Filter>srm 589 div2</Filter>
    </ClCompile>
    <ClCompile Include="array_test.cpp">
      <Filter>srm 589 div2</Filter>
    </ClCompile>
    <ClCompile Include="lightoj\1004 - Monkey Banana Problem.cpp">
      <Filter>srm 589 div2</Filter>
    </ClCompile>
    <ClCompile Include="lightoj\1005 - Rooks.cpp">
      <Filter>srm 589 div2</Filter>
    </ClCompile>
    <ClCompile Include="lightoj\1011 - Marriage Ceremonies.cpp">
      <Filter>srm 589 div2</Filter>
    </ClCompile>
    <ClCompile Include="lightoj\1013 - Love Calculator.cpp">
      <Filter>srm 589 div2</Filter>
    </ClCompile>
    <ClCompile Include="lightoj\1017 - Brush (III).cpp">
      <Filter>srm 589 div2</Filter>
    </ClCompile>
    <ClCompile Include="lightoj\1018 - Brush (IV).cpp">
      <Filter>srm 589 div2</Filter>
    </ClCompile>
    <ClCompile Include="contest\af prj\imp bonus assingement 892468 last try.cpp">
      <Filter>srm 589 div2</Filter>
    </ClCompile>
    <ClCompile Include="lightoj\1021 - Painful Bases.cpp">
      <Filter>srm 589 div2</Filter>
    </ClCompile>
  </ItemGroup>
</Project>